
Microsoft Visual Studio Solution File, Format Version 12.00
# Visual Studio Version 16
VisualStudioVersion = 25.0.1704.0
MinimumVisualStudioVersion = 10.0.40219.1
Project("{FAE04EC0-301F-11D3-BF4B-00C04F79EFBC}") = "OszkApi", "src\OszkApi\OszkApi.csproj", "{0FAD1871-747F-466E-8647-C6E3433C5C11}"
EndProject
Project("{FAE04EC0-301F-11D3-BF4B-00C04F79EFBC}") = "OszkConnector", "src\OszkConnector\OszkConnector.csproj", "{0B057105-5377-4F74-B9D0-697F9D2882FD}"
EndProject
Project("{FAE04EC0-301F-11D3-BF4B-00C04F79EFBC}") = "OszkApiExamples", "src\OszkApiExamples\OszkApiExamples.csproj", "{73A29276-2604-42E2-8E57-8A97204F999A}"
EndProject
Project("{FAE04EC0-301F-11D3-BF4B-00C04F79EFBC}") = "OszkConnector.Tests", "test\OszkConnector.Tests\OszkConnector.Tests.csproj", "{2BE60DE6-FFB1-4F24-BACF-459A7F11EACC}"
EndProject
Global
	GlobalSection(SolutionConfigurationPlatforms) = preSolution
		Debug|Any CPU = Debug|Any CPU
		Release|Any CPU = Release|Any CPU
	EndGlobalSection
	GlobalSection(ProjectConfigurationPlatforms) = postSolution
		{0FAD1871-747F-466E-8647-C6E3433C5C11}.Debug|Any CPU.ActiveCfg = Debug|Any CPU
		{0FAD1871-747F-466E-8647-C6E3433C5C11}.Debug|Any CPU.Build.0 = Debug|Any CPU
		{0FAD1871-747F-466E-8647-C6E3433C5C11}.Release|Any CPU.ActiveCfg = Release|Any CPU
		{0FAD1871-747F-466E-8647-C6E3433C5C11}.Release|Any CPU.Build.0 = Release|Any CPU
		{0B057105-5377-4F74-B9D0-697F9D2882FD}.Debug|Any CPU.ActiveCfg = Debug|Any CPU
		{0B057105-5377-4F74-B9D0-697F9D2882FD}.Debug|Any CPU.Build.0 = Debug|Any CPU
		{0B057105-5377-4F74-B9D0-697F9D2882FD}.Release|Any CPU.ActiveCfg = Release|Any CPU
		{0B057105-5377-4F74-B9D0-697F9D2882FD}.Release|Any CPU.Build.0 = Release|Any CPU
		{73A29276-2604-42E2-8E57-8A97204F999A}.Debug|Any CPU.ActiveCfg = Debug|Any CPU
		{73A29276-2604-42E2-8E57-8A97204F999A}.Debug|Any CPU.Build.0 = Debug|Any CPU
		{73A29276-2604-42E2-8E57-8A97204F999A}.Release|Any CPU.ActiveCfg = Release|Any CPU
		{73A29276-2604-42E2-8E57-8A97204F999A}.Release|Any CPU.Build.0 = Release|Any CPU
		{2BE60DE6-FFB1-4F24-BACF-459A7F11EACC}.Debug|Any CPU.ActiveCfg = Debug|Any CPU
		{2BE60DE6-FFB1-4F24-BACF-459A7F11EACC}.Debug|Any CPU.Build.0 = Debug|Any CPU
		{2BE60DE6-FFB1-4F24-BACF-459A7F11EACC}.Release|Any CPU.ActiveCfg = Release|Any CPU
		{2BE60DE6-FFB1-4F24-BACF-459A7F11EACC}.Release|Any CPU.Build.0 = Release|Any CPU
	EndGlobalSection
	GlobalSection(SolutionProperties) = preSolution
		HideSolutionNode = FALSE
	EndGlobalSection
	GlobalSection(ExtensibilityGlobals) = postSolution
		SolutionGuid = {2FA6B0E1-F390-462E-8FD1-567F1C93F31D}
	EndGlobalSection
EndGlobal
